
Microsoft Visual Studio Solution File, Format Version 12.00
# Visual Studio 16
Project("{FAE04EC0-301F-11D3-BF4B-00C04F79EFBC}") = "Assembly-CSharp", "Assembly-CSharp.csproj", "{D18054FD-3C0A-A7A0-E45E-095EEEC7B432}"
EndProject
Project("{FAE04EC0-301F-11D3-BF4B-00C04F79EFBC}") = "Assembly-CSharp-firstpass", "Assembly-CSharp-firstpass.csproj", "{0939667F-D6A9-D136-5CD5-B94220199D23}"
EndProject
Project("{FAE04EC0-301F-11D3-BF4B-00C04F79EFBC}") = "Assembly-CSharp-Editor", "Assembly-CSharp-Editor.csproj", "{3DAEAA5F-7355-2E8E-461B-03C29EB36712}"
EndProject
Global
	GlobalSection(SolutionConfigurationPlatforms) = preSolution
		Debug|Any CPU = Debug|Any CPU
		Release|Any CPU = Release|Any CPU
	EndGlobalSection
	GlobalSection(ProjectConfigurationPlatforms) = postSolution
		{D18054FD-3C0A-A7A0-E45E-095EEEC7B432}.Debug|Any CPU.ActiveCfg = Debug|Any CPU
		{D18054FD-3C0A-A7A0-E45E-095EEEC7B432}.Debug|Any CPU.Build.0 = Debug|Any CPU
		{D18054FD-3C0A-A7A0-E45E-095EEEC7B432}.Release|Any CPU.ActiveCfg = Release|Any CPU
		{D18054FD-3C0A-A7A0-E45E-095EEEC7B432}.Release|Any CPU.Build.0 = Release|Any CPU
		{0939667F-D6A9-D136-5CD5-B94220199D23}.Debug|Any CPU.ActiveCfg = Debug|Any CPU
		{0939667F-D6A9-D136-5CD5-B94220199D23}.Debug|Any CPU.Build.0 = Debug|Any CPU
		{0939667F-D6A9-D136-5CD5-B94220199D23}.Release|Any CPU.ActiveCfg = Release|Any CPU
		{0939667F-D6A9-D136-5CD5-B94220199D23}.Release|Any CPU.Build.0 = Release|Any CPU
		{3DAEAA5F-7355-2E8E-461B-03C29EB36712}.Debug|Any CPU.ActiveCfg = Debug|Any CPU
		{3DAEAA5F-7355-2E8E-461B-03C29EB36712}.Debug|Any CPU.Build.0 = Debug|Any CPU
		{3DAEAA5F-7355-2E8E-461B-03C29EB36712}.Release|Any CPU.ActiveCfg = Release|Any CPU
		{3DAEAA5F-7355-2E8E-461B-03C29EB36712}.Release|Any CPU.Build.0 = Release|Any CPU
	EndGlobalSection
	GlobalSection(SolutionProperties) = preSolution
		HideSolutionNode = FALSE
	EndGlobalSection
	GlobalSection(MonoDevelopProperties) = preSolution
		StartupItem = Assembly-CSharp.csproj
	EndGlobalSection
EndGlobal
